{
  "version": 4,
  "terraform_version": "1.1.2",
  "serial": 126,
  "lineage": "da193ce3-57ca-d525-b334-6f18078b470c",
  "outputs": {},
  "resources": [
    {
      "mode": "data",
      "type": "terraform_remote_state",
      "name": "this",
      "provider": "provider[\"terraform.io/builtin/terraform\"]",
      "instances": [
        {
          "schema_version": 0,
          "attributes": {
            "backend": "gcs",
            "config": {
              "value": {
                "bucket": "z-junhyeok-terraform-state",
                "prefix": "vpc/gke-networktest-dev"
              },
              "type": [
                "object",
                {
                  "bucket": "string",
                  "prefix": "string"
                }
              ]
            },
            "defaults": null,
            "outputs": {
              "value": {},
              "type": [
                "object",
                {}
              ]
            },
            "workspace": "dev"
          },
          "sensitive_attributes": []
        }
      ]
    },
    {
      "mode": "managed",
      "type": "google_compute_global_address",
      "name": "vpc-peering",
      "provider": "provider[\"registry.terraform.io/hashicorp/google\"]",
      "instances": [
        {
          "schema_version": 0,
          "attributes": {
            "address": "172.19.128.0",
            "address_type": "INTERNAL",
            "creation_timestamp": "2023-01-05T22:02:51.027-08:00",
            "description": "",
            "id": "projects/moloco-sre/global/addresses/vpc-peering-for-managed-service",
            "ip_version": "",
            "name": "vpc-peering-for-managed-service",
            "network": "https://www.googleapis.com/compute/v1/projects/moloco-sre/global/networks/gke-networktest-dev",
            "prefix_length": 20,
            "project": "moloco-sre",
            "purpose": "VPC_PEERING",
            "self_link": "https://www.googleapis.com/compute/v1/projects/moloco-sre/global/addresses/vpc-peering-for-managed-service",
            "timeouts": null
          },
          "sensitive_attributes": [],
          "private": "eyJlMmJmYjczMC1lY2FhLTExZTYtOGY4OC0zNDM2M2JjN2M0YzAiOnsiY3JlYXRlIjoxMjAwMDAwMDAwMDAwLCJkZWxldGUiOjEyMDAwMDAwMDAwMDB9fQ==",
          "dependencies": [
            "google_compute_network.this"
          ]
        }
      ]
    },
    {
      "mode": "managed",
      "type": "google_compute_network",
      "name": "this",
      "provider": "provider[\"registry.terraform.io/hashicorp/google\"]",
      "instances": [
        {
          "schema_version": 0,
          "attributes": {
            "auto_create_subnetworks": false,
            "delete_default_routes_on_create": false,
            "description": "",
            "enable_ula_internal_ipv6": false,
            "gateway_ipv4": "",
            "id": "projects/moloco-sre/global/networks/gke-networktest-dev",
            "internal_ipv6_range": "",
            "mtu": 1460,
            "name": "gke-networktest-dev",
            "project": "moloco-sre",
            "routing_mode": "REGIONAL",
            "self_link": "https://www.googleapis.com/compute/v1/projects/moloco-sre/global/networks/gke-networktest-dev",
            "timeouts": null
          },
          "sensitive_attributes": [],
          "private": "eyJlMmJmYjczMC1lY2FhLTExZTYtOGY4OC0zNDM2M2JjN2M0YzAiOnsiY3JlYXRlIjoxMjAwMDAwMDAwMDAwLCJkZWxldGUiOjEyMDAwMDAwMDAwMDAsInVwZGF0ZSI6MTIwMDAwMDAwMDAwMH19"
        }
      ]
    },
    {
      "mode": "managed",
      "type": "google_compute_network_peering_routes_config",
      "name": "peering_routes",
      "provider": "provider[\"registry.terraform.io/hashicorp/google\"]",
      "instances": [
        {
          "schema_version": 0,
          "attributes": {
            "export_custom_routes": true,
            "id": "projects/moloco-sre/global/networks/gke-networktest-dev/networkPeerings/servicenetworking-googleapis-com",
            "import_custom_routes": true,
            "network": "gke-networktest-dev",
            "peering": "servicenetworking-googleapis-com",
            "project": "moloco-sre",
            "timeouts": null
          },
          "sensitive_attributes": [],
          "private": "eyJlMmJmYjczMC1lY2FhLTExZTYtOGY4OC0zNDM2M2JjN2M0YzAiOnsiY3JlYXRlIjoxMjAwMDAwMDAwMDAwLCJkZWxldGUiOjEyMDAwMDAwMDAwMDAsInVwZGF0ZSI6MTIwMDAwMDAwMDAwMH19",
          "dependencies": [
            "google_compute_global_address.vpc-peering",
            "google_compute_network.this",
            "google_service_networking_connection.vpc-peering"
          ]
        }
      ]
    },
    {
      "mode": "managed",
      "type": "google_compute_subnetwork",
      "name": "subnet2",
      "provider": "provider[\"registry.terraform.io/hashicorp/google\"]",
      "instances": [
        {
          "schema_version": 0,
          "attributes": {
            "creation_timestamp": "2023-01-04T07:16:50.100-08:00",
            "description": "",
            "external_ipv6_prefix": "",
            "fingerprint": null,
            "gateway_address": "172.19.32.1",
            "id": "projects/moloco-sre/regions/us-central1/subnetworks/subnet2",
            "ip_cidr_range": "172.19.32.0/20",
            "ipv6_access_type": "",
            "ipv6_cidr_range": "",
            "log_config": [],
            "name": "subnet2",
            "network": "https://www.googleapis.com/compute/v1/projects/moloco-sre/global/networks/gke-networktest-dev",
            "private_ip_google_access": true,
            "private_ipv6_google_access": "DISABLE_GOOGLE_ACCESS",
            "project": "moloco-sre",
            "purpose": "PRIVATE",
            "region": "us-central1",
            "role": "",
            "secondary_ip_range": [],
            "self_link": "https://www.googleapis.com/compute/v1/projects/moloco-sre/regions/us-central1/subnetworks/subnet2",
            "stack_type": "IPV4_ONLY",
            "timeouts": null
          },
          "sensitive_attributes": [],
          "private": "eyJlMmJmYjczMC1lY2FhLTExZTYtOGY4OC0zNDM2M2JjN2M0YzAiOnsiY3JlYXRlIjoxMjAwMDAwMDAwMDAwLCJkZWxldGUiOjEyMDAwMDAwMDAwMDAsInVwZGF0ZSI6MTIwMDAwMDAwMDAwMH19",
          "dependencies": [
            "google_compute_network.this"
          ]
        }
      ]
    },
    {
      "mode": "managed",
      "type": "google_compute_subnetwork",
      "name": "this",
      "provider": "provider[\"registry.terraform.io/hashicorp/google\"]",
      "instances": [
        {
          "schema_version": 0,
          "attributes": {
            "creation_timestamp": "2023-01-04T07:09:58.717-08:00",
            "description": "",
            "external_ipv6_prefix": "",
            "fingerprint": null,
            "gateway_address": "172.19.0.1",
            "id": "projects/moloco-sre/regions/us-central1/subnetworks/subnet1",
            "ip_cidr_range": "172.19.0.0/20",
            "ipv6_access_type": "",
            "ipv6_cidr_range": "",
            "log_config": [],
            "name": "subnet1",
            "network": "https://www.googleapis.com/compute/v1/projects/moloco-sre/global/networks/gke-networktest-dev",
            "private_ip_google_access": true,
            "private_ipv6_google_access": "DISABLE_GOOGLE_ACCESS",
            "project": "moloco-sre",
            "purpose": "PRIVATE",
            "region": "us-central1",
            "role": "",
            "secondary_ip_range": [],
            "self_link": "https://www.googleapis.com/compute/v1/projects/moloco-sre/regions/us-central1/subnetworks/subnet1",
            "stack_type": "IPV4_ONLY",
            "timeouts": null
          },
          "sensitive_attributes": [],
          "private": "eyJlMmJmYjczMC1lY2FhLTExZTYtOGY4OC0zNDM2M2JjN2M0YzAiOnsiY3JlYXRlIjoxMjAwMDAwMDAwMDAwLCJkZWxldGUiOjEyMDAwMDAwMDAwMDAsInVwZGF0ZSI6MTIwMDAwMDAwMDAwMH19",
          "dependencies": [
            "google_compute_network.this"
          ]
        }
      ]
    },
    {
      "mode": "managed",
      "type": "google_service_networking_connection",
      "name": "vpc-peering",
      "provider": "provider[\"registry.terraform.io/hashicorp/google\"]",
      "instances": [
        {
          "schema_version": 0,
          "attributes": {
            "id": "projects%2Fmoloco-sre%2Fglobal%2Fnetworks%2Fgke-networktest-dev:servicenetworking.googleapis.com",
            "network": "projects/moloco-sre/global/networks/gke-networktest-dev",
            "peering": "servicenetworking-googleapis-com",
            "reserved_peering_ranges": [
              "vpc-peering-for-managed-service"
            ],
            "service": "servicenetworking.googleapis.com",
            "timeouts": null
          },
          "sensitive_attributes": [],
          "private": "eyJlMmJmYjczMC1lY2FhLTExZTYtOGY4OC0zNDM2M2JjN2M0YzAiOnsiY3JlYXRlIjo2MDAwMDAwMDAwMDAsImRlbGV0ZSI6NjAwMDAwMDAwMDAwLCJ1cGRhdGUiOjYwMDAwMDAwMDAwMH19",
          "dependencies": [
            "google_compute_global_address.vpc-peering",
            "google_compute_network.this"
          ]
        }
      ]
    }
  ]
}
