{
  "version": 4,
  "terraform_version": "1.1.2",
  "serial": 13,
  "lineage": "1226ee91-4627-d54c-eaad-673831b495c9",
  "outputs": {
    "kubernetes_cluster_host": {
      "value": "35.224.83.96",
      "type": "string"
    },
    "kubernetes_cluster_name": {
      "value": "gke-networktest-dev",
      "type": "string"
    },
    "project_id": {
      "value": "moloco-sre",
      "type": "string"
    },
    "stage": {
      "value": "dev",
      "type": "string"
    }
  },
  "resources": [
    {
      "mode": "data",
      "type": "terraform_remote_state",
      "name": "this",
      "provider": "provider[\"terraform.io/builtin/terraform\"]",
      "instances": [
        {
          "schema_version": 0,
          "attributes": {
            "backend": "gcs",
            "config": {
              "value": {
                "bucket": "z-junhyeok-terraform-state",
                "prefix": "gke/gke-networktest-dev"
              },
              "type": [
                "object",
                {
                  "bucket": "string",
                  "prefix": "string"
                }
              ]
            },
            "defaults": null,
            "outputs": {
              "value": {},
              "type": [
                "object",
                {}
              ]
            },
            "workspace": "dev"
          },
          "sensitive_attributes": []
        }
      ]
    },
    {
      "mode": "managed",
      "type": "google_container_cluster",
      "name": "this",
      "provider": "provider[\"registry.terraform.io/hashicorp/google\"]",
      "instances": [
        {
          "schema_version": 1,
          "attributes": {
            "addons_config": [
              {
                "cloudrun_config": [],
                "dns_cache_config": [],
                "gce_persistent_disk_csi_driver_config": [
                  {
                    "enabled": true
                  }
                ],
                "gcp_filestore_csi_driver_config": [],
                "gke_backup_agent_config": [],
                "horizontal_pod_autoscaling": [],
                "http_load_balancing": [],
                "network_policy_config": [
                  {
                    "disabled": true
                  }
                ]
              }
            ],
            "authenticator_groups_config": [],
            "binary_authorization": [
              {
                "enabled": false,
                "evaluation_mode": ""
              }
            ],
            "cluster_autoscaling": [
              {
                "auto_provisioning_defaults": [
                  {
                    "boot_disk_kms_key": "",
                    "disk_size": 0,
                    "disk_type": "",
                    "image_type": "COS_CONTAINERD",
                    "management": [],
                    "min_cpu_platform": "",
                    "oauth_scopes": [
                      "https://www.googleapis.com/auth/devstorage.read_only",
                      "https://www.googleapis.com/auth/logging.write",
                      "https://www.googleapis.com/auth/monitoring",
                      "https://www.googleapis.com/auth/service.management.readonly",
                      "https://www.googleapis.com/auth/servicecontrol",
                      "https://www.googleapis.com/auth/trace.append"
                    ],
                    "service_account": "default",
                    "shielded_instance_config": [],
                    "upgrade_settings": []
                  }
                ],
                "enabled": true,
                "resource_limits": [
                  {
                    "maximum": 4,
                    "minimum": 0,
                    "resource_type": "cpu"
                  },
                  {
                    "maximum": 16,
                    "minimum": 0,
                    "resource_type": "memory"
                  }
                ]
              }
            ],
            "cluster_ipv4_cidr": "10.136.0.0/14",
            "confidential_nodes": [],
            "cost_management_config": [],
            "database_encryption": [
              {
                "key_name": "",
                "state": "DECRYPTED"
              }
            ],
            "datapath_provider": "",
            "default_max_pods_per_node": null,
            "default_snat_status": [
              {
                "disabled": false
              }
            ],
            "description": "",
            "dns_config": [],
            "enable_autopilot": false,
            "enable_binary_authorization": false,
            "enable_intranode_visibility": false,
            "enable_kubernetes_alpha": false,
            "enable_l4_ilb_subsetting": false,
            "enable_legacy_abac": false,
            "enable_shielded_nodes": true,
            "enable_tpu": false,
            "endpoint": "35.224.83.96",
            "gateway_api_config": [],
            "id": "projects/moloco-sre/locations/us-central1-a/clusters/gke-networktest-dev",
            "initial_node_count": 1,
            "ip_allocation_policy": [],
            "label_fingerprint": "a9dc16a7",
            "location": "us-central1-a",
            "logging_config": [
              {
                "enable_components": [
                  "SYSTEM_COMPONENTS",
                  "WORKLOADS"
                ]
              }
            ],
            "logging_service": "logging.googleapis.com/kubernetes",
            "maintenance_policy": [],
            "master_auth": [
              {
                "client_certificate": "",
                "client_certificate_config": [
                  {
                    "issue_client_certificate": false
                  }
                ],
                "client_key": "",
                "cluster_ca_certificate": "LS0tLS1CRUdJTiBDRVJUSUZJQ0FURS0tLS0tCk1JSUVMRENDQXBTZ0F3SUJBZ0lRRXpDR0VyVytjZmlYZmNieEpDbFZzVEFOQmdrcWhraUc5dzBCQVFzRkFEQXYKTVMwd0t3WURWUVFERXlRME1qY3daVEJtT0Mxa1lUUTNMVFJtWlRVdFlXUXlNQzFoTkdNek1XSmtaalUwTURrdwpJQmNOTWpNd01UQTJNVEF6T0RVeldoZ1BNakExTWpFeU1qa3hNVE00TlROYU1DOHhMVEFyQmdOVkJBTVRKRFF5Ck56QmxNR1k0TFdSaE5EY3ROR1psTlMxaFpESXdMV0UwWXpNeFltUm1OVFF3T1RDQ0FhSXdEUVlKS29aSWh2Y04KQVFFQkJRQURnZ0dQQURDQ0FZb0NnZ0dCQU9GYWVoeCt3aW1CcmQydTFtcDBvYXl2SnVvanRtalFQVEIwY3lMUQpZcmVtRVVwMkZLeEpPaVBmU2c1MmxqYys0d2t4ZzFxZUV5dHFVMXR5NGk3QWRDY1g4YzNsY1pYWTNzZWdsYUJxClVJL3VubzJnNlNMYWhldmNxQ00xK0VkRmwzNHZBTjhmUXRhTWwzVkMyREhUZ1BVRlNOd1VZR09uOG5MM0t1VDUKRUJVWnlqVElvOGhwTDFZYWRLaHZPWWliczEzeGgyRys4ckNVVWRCVk1IU2dEaEo2c2lVNUQrT2R2SVlxbExsWApXcmk5dzBSNlVaeFVWS2k5TVFVZkZzNytkSW9GWWFTcDB1UkpFYnNJWjRsK285TUMrd3BMbnVaSGF2WjhtNXlsCkZMZXNON29BZFJVYU5hMXZJZm51WTBaRWxScTNaK1FSaTZKTG84NkFNbHRmOFpucDNhQzljOUJQSWd0d1BqS1MKeDZ3c1F0Rk14NnI3YzlUK0tIYjZKMVRPK2lsNEJlTDBydkdmdnJ5eUZaSUpESDJuTlpPWnE3YnpudjIwWXhVTApCeEpnWURJVmJFTzhmYk9WbEFzVHhEcW55WWxwUVVjRldLSm9WbkR2cFkwRUh5N3hVYmpkUUdkY1UzT2FVS1BLCmtZUHNCRFhxNTNqZ21pR2QrL29CVFdEQ2dRSURBUUFCbzBJd1FEQU9CZ05WSFE4QkFmOEVCQU1DQWdRd0R3WUQKVlIwVEFRSC9CQVV3QXdFQi96QWRCZ05WSFE0RUZnUVVkVnlYVTM1ckVWb2NZc3lHaXg0Skc1YlVjMnN3RFFZSgpLb1pJaHZjTkFRRUxCUUFEZ2dHQkFOVVlXVXVYcDgzSzJHOVdGTG5LNTZWYzZsMGhyS211QnJZRGI4c1BPdTRHCmF3OTVPdktHT0lkSHdOTTViQ3pvNjlPSWVLZ0tZOWlERkVjZ1ZZTTZmTUR1cGlHY0RGRXBodm1OSDJETHJKVmYKbHFGMWxxd2xWZXhrb1kvSXgrR1BlcWFjeDlONk4rSFVldWczbEJFMndaUHdaeUlKc2JNbHQrV2VFenE1Y0ZOYwp1SDZCQi9IV1MvdDB2TmpwUmUyaFRlZ2tuRkdpK0RpN0REQWZraURESGh4Qy9oQ1R0eHRxamdwRC9CZmw1aVJFCjV1SDM5a2dDOFFCdkxUK0Rjb042Z3YwbDQrUVZhSFB3ajd0ZUlFb1ZMc3orVVI2NTNDWlJwWXE2ZjRvWnVPdXMKU1JVeU9IS09RMkNxcWtEWlpFMld0Qm5WQkE4SmpHMlc2V1h0bGY1bmZrbUtLV21zaVVVclphSUFGZG0xU24ybAp5VmliNDNtaDJmWVpxeGJDV0xRaG9GNnk2aHZIdVBBdWpoejZoeElrY1cvTVlzazJqcStyTlFrWU5kWTFiSDBMCitzUHdUanp5dW9ZZURaREdkN0Zhc0Y5ZkNkaERMN1IzbFM2VnU2dWlibWVsNnp6cFU2UnJIaUlJNTJiZ1N5cEsKcnYrWlA4WWFvZnY5Nk5VTmZ1TUtGdz09Ci0tLS0tRU5EIENFUlRJRklDQVRFLS0tLS0K"
              }
            ],
            "master_authorized_networks_config": [],
            "master_version": "1.24.7-gke.900",
            "mesh_certificates": [],
            "min_master_version": null,
            "monitoring_config": [
              {
                "enable_components": [
                  "SYSTEM_COMPONENTS"
                ],
                "managed_prometheus": []
              }
            ],
            "monitoring_service": "monitoring.googleapis.com/kubernetes",
            "name": "gke-networktest-dev",
            "network": "projects/moloco-sre/global/networks/gke-networktest-dev",
            "network_policy": [
              {
                "enabled": false,
                "provider": "PROVIDER_UNSPECIFIED"
              }
            ],
            "networking_mode": "ROUTES",
            "node_config": [
              {
                "boot_disk_kms_key": "",
                "disk_size_gb": 100,
                "disk_type": "pd-balanced",
                "gcfs_config": [],
                "guest_accelerator": [],
                "gvnic": [],
                "image_type": "COS_CONTAINERD",
                "labels": {},
                "local_ssd_count": 0,
                "logging_variant": "DEFAULT",
                "machine_type": "e2-highcpu-2",
                "metadata": {
                  "disable-legacy-endpoints": "true"
                },
                "min_cpu_platform": "",
                "node_group": "",
                "oauth_scopes": [
                  "https://www.googleapis.com/auth/devstorage.read_only",
                  "https://www.googleapis.com/auth/logging.write",
                  "https://www.googleapis.com/auth/monitoring",
                  "https://www.googleapis.com/auth/service.management.readonly",
                  "https://www.googleapis.com/auth/servicecontrol",
                  "https://www.googleapis.com/auth/trace.append"
                ],
                "preemptible": false,
                "reservation_affinity": [],
                "resource_labels": {},
                "service_account": "default",
                "shielded_instance_config": [
                  {
                    "enable_integrity_monitoring": true,
                    "enable_secure_boot": false
                  }
                ],
                "spot": false,
                "tags": [],
                "taint": [],
                "workload_metadata_config": [
                  {
                    "mode": "GKE_METADATA"
                  }
                ]
              }
            ],
            "node_locations": [],
            "node_pool": [
              {
                "autoscaling": [
                  {
                    "location_policy": "BALANCED",
                    "max_node_count": 1000,
                    "min_node_count": 0,
                    "total_max_node_count": 0,
                    "total_min_node_count": 0
                  }
                ],
                "initial_node_count": 0,
                "instance_group_urls": [
                  "https://www.googleapis.com/compute/v1/projects/moloco-sre/zones/us-central1-a/instanceGroupManagers/gke-gke-networktest--nap-e2-highcpu-2-24d6f5fa-grp"
                ],
                "managed_instance_group_urls": [
                  "https://www.googleapis.com/compute/v1/projects/moloco-sre/zones/us-central1-a/instanceGroups/gke-gke-networktest--nap-e2-highcpu-2-24d6f5fa-grp"
                ],
                "management": [
                  {
                    "auto_repair": true,
                    "auto_upgrade": true
                  }
                ],
                "max_pods_per_node": 0,
                "name": "nap-e2-highcpu-2-apvat1mw",
                "name_prefix": "",
                "network_config": [
                  {
                    "create_pod_range": false,
                    "enable_private_nodes": false,
                    "pod_ipv4_cidr_block": "",
                    "pod_range": ""
                  }
                ],
                "node_config": [
                  {
                    "boot_disk_kms_key": "",
                    "disk_size_gb": 100,
                    "disk_type": "pd-balanced",
                    "gcfs_config": [],
                    "guest_accelerator": [],
                    "gvnic": [],
                    "image_type": "COS_CONTAINERD",
                    "labels": {},
                    "local_ssd_count": 0,
                    "logging_variant": "DEFAULT",
                    "machine_type": "e2-highcpu-2",
                    "metadata": {
                      "disable-legacy-endpoints": "true"
                    },
                    "min_cpu_platform": "",
                    "node_group": "",
                    "oauth_scopes": [
                      "https://www.googleapis.com/auth/devstorage.read_only",
                      "https://www.googleapis.com/auth/logging.write",
                      "https://www.googleapis.com/auth/monitoring",
                      "https://www.googleapis.com/auth/service.management.readonly",
                      "https://www.googleapis.com/auth/servicecontrol",
                      "https://www.googleapis.com/auth/trace.append"
                    ],
                    "preemptible": false,
                    "reservation_affinity": [],
                    "resource_labels": {},
                    "service_account": "default",
                    "shielded_instance_config": [
                      {
                        "enable_integrity_monitoring": true,
                        "enable_secure_boot": false
                      }
                    ],
                    "spot": false,
                    "tags": [],
                    "taint": [],
                    "workload_metadata_config": [
                      {
                        "mode": "GKE_METADATA"
                      }
                    ]
                  }
                ],
                "node_count": 0,
                "node_locations": [
                  "us-central1-a"
                ],
                "upgrade_settings": [
                  {
                    "blue_green_settings": [],
                    "max_surge": 1,
                    "max_unavailable": 0,
                    "strategy": "SURGE"
                  }
                ],
                "version": "1.24.7-gke.900"
              }
            ],
            "node_pool_defaults": [
              {
                "node_config_defaults": [
                  {
                    "logging_variant": "DEFAULT"
                  }
                ]
              }
            ],
            "node_version": "1.24.7-gke.900",
            "notification_config": [
              {
                "pubsub": [
                  {
                    "enabled": false,
                    "filter": [],
                    "topic": ""
                  }
                ]
              }
            ],
            "operation": null,
            "private_cluster_config": [
              {
                "enable_private_endpoint": false,
                "enable_private_nodes": false,
                "master_global_access_config": [
                  {
                    "enabled": false
                  }
                ],
                "master_ipv4_cidr_block": "",
                "peering_name": "",
                "private_endpoint": "172.19.0.2",
                "private_endpoint_subnetwork": "",
                "public_endpoint": "35.224.83.96"
              }
            ],
            "private_ipv6_google_access": "",
            "project": "moloco-sre",
            "release_channel": [
              {
                "channel": "REGULAR"
              }
            ],
            "remove_default_node_pool": true,
            "resource_labels": null,
            "resource_usage_export_config": [],
            "self_link": "https://container.googleapis.com/v1/projects/moloco-sre/zones/us-central1-a/clusters/gke-networktest-dev",
            "service_external_ips_config": [
              {
                "enabled": false
              }
            ],
            "services_ipv4_cidr": "10.139.240.0/20",
            "subnetwork": "projects/moloco-sre/regions/us-central1/subnetworks/gke-networktest-subnet1-dev",
            "timeouts": null,
            "tpu_ipv4_cidr_block": "",
            "vertical_pod_autoscaling": [],
            "workload_identity_config": [
              {
                "workload_pool": "moloco-sre.svc.id.goog"
              }
            ]
          },
          "sensitive_attributes": [],
          "private": "eyJlMmJmYjczMC1lY2FhLTExZTYtOGY4OC0zNDM2M2JjN2M0YzAiOnsiY3JlYXRlIjoyNDAwMDAwMDAwMDAwLCJkZWxldGUiOjI0MDAwMDAwMDAwMDAsInJlYWQiOjI0MDAwMDAwMDAwMDAsInVwZGF0ZSI6MzYwMDAwMDAwMDAwMH0sInNjaGVtYV92ZXJzaW9uIjoiMSJ9"
        }
      ]
    },
    {
      "mode": "managed",
      "type": "google_container_node_pool",
      "name": "nodes",
      "provider": "provider[\"registry.terraform.io/hashicorp/google\"]",
      "instances": [
        {
          "schema_version": 1,
          "attributes": {
            "autoscaling": [],
            "cluster": "gke-networktest-dev",
            "id": "projects/moloco-sre/locations/us-central1-a/clusters/gke-networktest-dev/nodePools/gke-networktest-dev",
            "initial_node_count": 1,
            "instance_group_urls": [
              "https://www.googleapis.com/compute/v1/projects/moloco-sre/zones/us-central1-a/instanceGroupManagers/gke-gke-networktest--gke-networktest--ed553d39-grp"
            ],
            "location": "us-central1-a",
            "managed_instance_group_urls": [
              "https://www.googleapis.com/compute/v1/projects/moloco-sre/zones/us-central1-a/instanceGroups/gke-gke-networktest--gke-networktest--ed553d39-grp"
            ],
            "management": [
              {
                "auto_repair": true,
                "auto_upgrade": true
              }
            ],
            "max_pods_per_node": null,
            "name": "gke-networktest-dev",
            "name_prefix": "",
            "network_config": [
              {
                "create_pod_range": false,
                "enable_private_nodes": false,
                "pod_ipv4_cidr_block": "",
                "pod_range": ""
              }
            ],
            "node_config": [
              {
                "boot_disk_kms_key": "",
                "disk_size_gb": 100,
                "disk_type": "pd-balanced",
                "gcfs_config": [],
                "guest_accelerator": [],
                "gvnic": [],
                "image_type": "COS_CONTAINERD",
                "labels": {
                  "stage": "dev"
                },
                "local_ssd_count": 0,
                "logging_variant": "DEFAULT",
                "machine_type": "e2-medium",
                "metadata": {
                  "disable-legacy-endpoints": "true"
                },
                "min_cpu_platform": "",
                "node_group": "",
                "oauth_scopes": [
                  "https://www.googleapis.com/auth/logging.write",
                  "https://www.googleapis.com/auth/monitoring"
                ],
                "preemptible": false,
                "reservation_affinity": [],
                "resource_labels": null,
                "service_account": "default",
                "shielded_instance_config": [
                  {
                    "enable_integrity_monitoring": true,
                    "enable_secure_boot": false
                  }
                ],
                "spot": true,
                "tags": [
                  "gke-node",
                  "gke-networktest-dev"
                ],
                "taint": [],
                "workload_metadata_config": [
                  {
                    "mode": "GKE_METADATA"
                  }
                ]
              }
            ],
            "node_count": 1,
            "node_locations": [
              "us-central1-a"
            ],
            "operation": null,
            "project": "moloco-sre",
            "timeouts": null,
            "upgrade_settings": [
              {
                "blue_green_settings": [],
                "max_surge": 1,
                "max_unavailable": 0,
                "strategy": "SURGE"
              }
            ],
            "version": "1.24.7-gke.900"
          },
          "sensitive_attributes": [],
          "private": "eyJlMmJmYjczMC1lY2FhLTExZTYtOGY4OC0zNDM2M2JjN2M0YzAiOnsiY3JlYXRlIjoxODAwMDAwMDAwMDAwLCJkZWxldGUiOjE4MDAwMDAwMDAwMDAsInVwZGF0ZSI6MTgwMDAwMDAwMDAwMH0sInNjaGVtYV92ZXJzaW9uIjoiMSJ9",
          "dependencies": [
            "google_container_cluster.this"
          ]
        }
      ]
    }
  ]
}
