{
  "version": 4,
  "terraform_version": "1.1.2",
  "serial": 7,
  "lineage": "871ae350-1ae4-d9f2-a480-fa5b13e3f7ce",
  "outputs": {
    "kubernetes_cluster_host": {
      "value": "35.193.20.134",
      "type": "string"
    },
    "kubernetes_cluster_name": {
      "value": "gke-network-test-dev",
      "type": "string"
    },
    "project_id": {
      "value": "moloco-sre",
      "type": "string"
    },
    "stage": {
      "value": "dev",
      "type": "string"
    }
  },
  "resources": [
    {
      "mode": "data",
      "type": "terraform_remote_state",
      "name": "this",
      "provider": "provider[\"terraform.io/builtin/terraform\"]",
      "instances": []
    },
    {
      "mode": "managed",
      "type": "google_container_cluster",
      "name": "this",
      "provider": "provider[\"registry.terraform.io/hashicorp/google\"]",
      "instances": [
        {
          "schema_version": 1,
          "attributes": {
            "addons_config": [
              {
                "cloudrun_config": [],
                "dns_cache_config": [],
                "gce_persistent_disk_csi_driver_config": [
                  {
                    "enabled": true
                  }
                ],
                "gcp_filestore_csi_driver_config": [],
                "gke_backup_agent_config": [],
                "horizontal_pod_autoscaling": [],
                "http_load_balancing": [],
                "network_policy_config": [
                  {
                    "disabled": true
                  }
                ]
              }
            ],
            "authenticator_groups_config": [],
            "binary_authorization": [
              {
                "enabled": false,
                "evaluation_mode": ""
              }
            ],
            "cluster_autoscaling": [
              {
                "auto_provisioning_defaults": [],
                "enabled": false,
                "resource_limits": []
              }
            ],
            "cluster_ipv4_cidr": "10.248.0.0/14",
            "confidential_nodes": [],
            "cost_management_config": [],
            "database_encryption": [
              {
                "key_name": "",
                "state": "DECRYPTED"
              }
            ],
            "datapath_provider": "",
            "default_max_pods_per_node": null,
            "default_snat_status": [
              {
                "disabled": false
              }
            ],
            "description": "",
            "dns_config": [],
            "enable_autopilot": false,
            "enable_binary_authorization": false,
            "enable_intranode_visibility": false,
            "enable_kubernetes_alpha": false,
            "enable_l4_ilb_subsetting": false,
            "enable_legacy_abac": false,
            "enable_shielded_nodes": true,
            "enable_tpu": false,
            "endpoint": "35.193.20.134",
            "gateway_api_config": [],
            "id": "projects/moloco-sre/locations/us-central1-a/clusters/gke-network-test-dev",
            "initial_node_count": 1,
            "ip_allocation_policy": [],
            "label_fingerprint": "a9dc16a7",
            "location": "us-central1-a",
            "logging_config": [
              {
                "enable_components": [
                  "SYSTEM_COMPONENTS",
                  "WORKLOADS"
                ]
              }
            ],
            "logging_service": "logging.googleapis.com/kubernetes",
            "maintenance_policy": [],
            "master_auth": [
              {
                "client_certificate": "",
                "client_certificate_config": [
                  {
                    "issue_client_certificate": false
                  }
                ],
                "client_key": "",
                "cluster_ca_certificate": "LS0tLS1CRUdJTiBDRVJUSUZJQ0FURS0tLS0tCk1JSUVMRENDQXBTZ0F3SUJBZ0lRZGFtc0syVEp5bUJCYkVDbXdZaTA1akFOQmdrcWhraUc5dzBCQVFzRkFEQXYKTVMwd0t3WURWUVFERXlRd05tSTJNRE5tWmkweU1qa3pMVFJsWVdJdFlUSmxPQzFpWTJSaE5tWXdNREV5TmpndwpJQmNOTWpNd01UQTBNRGsxTURBeVdoZ1BNakExTWpFeU1qY3hNRFV3TURKYU1DOHhMVEFyQmdOVkJBTVRKREEyCllqWXdNMlptTFRJeU9UTXROR1ZoWWkxaE1tVTRMV0pqWkdFMlpqQXdNVEkyT0RDQ0FhSXdEUVlKS29aSWh2Y04KQVFFQkJRQURnZ0dQQURDQ0FZb0NnZ0dCQU5TWEFEaCt5WGlQUzFITzBXV29uUDhCZVAwOUxuMmhNRkJDc3M2RQpIL0pZaHlzZ2NUM2VKT1ROTy9PRG1uRzlHTnVkOWxWSzJvQU55YW5keGV3UHN0alpnL2NhRHdXTFhsNkJvcGhVCkdnTmpqUzJIYStESG9Rak9mdjdMQ0Jqd0ExRDR4M0hBeDNXc1pBNXBOVDBoUWdMcUlyRXJvS05pUG56dkFJdjUKb0VQbjdCZlc2NmZhWm04cS9oWjBBb0hSQmh3WmxjSVIwRjEySDJIc0hhcFRjWmZ0bW14OHFlNnZyb1hUYXlCNApxdGF6TUhMNzk2bW5MUitib080QlBNUHhvOEhIZGw5QTViSlgyNHBVbFU3V1I2V0pFV1pKQmQ3cVdETDlTb3hhCktYMjRqeWU1MUYxOU1oUmRhU3R6RHUvZTBjazhydjRmdlpDWDNXclJ2L2d0TEpvN1ZRMVhDU3hOQm9rSjc5azIKckNZNVp1YlJFamZibnJ2d0ttQUhYT05SdE5XSmdZNythcVpNUjlNc05XMGZnb2pCNEVJL1NzYmI3RThVOUg3MQpQbGRJejBOc1NHUjhlRjNWNUZIT0M5aWRZZFEvajMyYk1aeU5PTW9ESWp0aXR4WG9MSnhSL3VZYm50M0FKeVRvCkgwSnVoWkxUbUJ6WWtXS2tabklyc0pwYk13SURBUUFCbzBJd1FEQU9CZ05WSFE4QkFmOEVCQU1DQWdRd0R3WUQKVlIwVEFRSC9CQVV3QXdFQi96QWRCZ05WSFE0RUZnUVVUM08yQktpZjFYWEM1cnIxWUxJMjdQV3BRMWd3RFFZSgpLb1pJaHZjTkFRRUxCUUFEZ2dHQkFCTXVOcG1QbVhlUllIOXRrYjBIMWJscmErVWtiZTBCWVZFeXNZbHRWcVV4CitaNFNNbzd0djFRYVhEN1FHRVk1M0RWMXAwVzFQYVlUZDZiQXl3WjdObllEM3dScDRzVGFhTmdzOTczWFJjTUkKQ3llNEhxYUdjQXd1c0Q2WkdjTE1jeUw5KzdaYzBOSkxBYVdDN2liMENrbVRxMTcvU01uRm9RZFA0TUNvTytKUQpBa1NtLzRmbndNR0ozeWc1V3lsQWlBOTVQVkgycEZBaXNtcGs4WDIyanNDZkh4WnBCdmprWXk1R2NCQ25pTzFpCjVxSXVYS2JzSmo2eEIzalUrWU9DYU5yTE9EeEJPTS84ZHYzVnFKbURmNjVOQ3dUWlAyWWIybzhxdWx0WmdvK1kKbWRTZ01pSzhtNzZXUUpwOFdQdllVK3ZDUmRxbWtieVBpN0taOGFPZVNGT0g3Vmpod1FrWXJVUFBmenhOUk1TQgp6WGdleUhRVjdwVW82eTNGK1Jrbkk4QlB4Tk5tYVEzRlByeUJ5bTFsNU5xbVlubVhxd0lZZy9xK1B1NFZ1RUJVCmd4SUx4T2tydEJxUEdjVXJ2R3IxYkdiNGdCYlpBT2I4b0VCbEdubVpSUG9Jdm1zZ3dTa2pJZnUrTzBYOUI2OGYKQk11cXRQcW1CZTJqTGxQay9YYlgxdz09Ci0tLS0tRU5EIENFUlRJRklDQVRFLS0tLS0K"
              }
            ],
            "master_authorized_networks_config": [],
            "master_version": "1.24.7-gke.900",
            "mesh_certificates": [],
            "min_master_version": null,
            "monitoring_config": [
              {
                "enable_components": [
                  "SYSTEM_COMPONENTS"
                ],
                "managed_prometheus": []
              }
            ],
            "monitoring_service": "monitoring.googleapis.com/kubernetes",
            "name": "gke-network-test-dev",
            "network": "projects/moloco-sre/global/networks/gke-network-test",
            "network_policy": [
              {
                "enabled": false,
                "provider": "PROVIDER_UNSPECIFIED"
              }
            ],
            "networking_mode": "ROUTES",
            "node_config": [
              {
                "boot_disk_kms_key": "",
                "disk_size_gb": 100,
                "disk_type": "pd-balanced",
                "gcfs_config": [],
                "guest_accelerator": [],
                "gvnic": [],
                "image_type": "COS_CONTAINERD",
                "labels": {
                  "stage": "dev"
                },
                "local_ssd_count": 0,
                "logging_variant": "DEFAULT",
                "machine_type": "n1-standard-1",
                "metadata": {
                  "disable-legacy-endpoints": "true"
                },
                "min_cpu_platform": "",
                "node_group": "",
                "oauth_scopes": [
                  "https://www.googleapis.com/auth/logging.write",
                  "https://www.googleapis.com/auth/monitoring"
                ],
                "preemptible": true,
                "reservation_affinity": [],
                "resource_labels": {},
                "service_account": "default",
                "shielded_instance_config": [
                  {
                    "enable_integrity_monitoring": true,
                    "enable_secure_boot": false
                  }
                ],
                "spot": false,
                "tags": [
                  "gke-node",
                  "gke-network-test-dev"
                ],
                "taint": [],
                "workload_metadata_config": [
                  {
                    "mode": "GKE_METADATA"
                  }
                ]
              }
            ],
            "node_locations": [],
            "node_pool": [
              {
                "autoscaling": [],
                "initial_node_count": 1,
                "instance_group_urls": [
                  "https://www.googleapis.com/compute/v1/projects/moloco-sre/zones/us-central1-a/instanceGroupManagers/gke-gke-network-test-gke-network-test-4537e0d0-grp"
                ],
                "managed_instance_group_urls": [
                  "https://www.googleapis.com/compute/v1/projects/moloco-sre/zones/us-central1-a/instanceGroups/gke-gke-network-test-gke-network-test-4537e0d0-grp"
                ],
                "management": [
                  {
                    "auto_repair": true,
                    "auto_upgrade": true
                  }
                ],
                "max_pods_per_node": 0,
                "name": "gke-network-test-dev",
                "name_prefix": "",
                "network_config": [
                  {
                    "create_pod_range": false,
                    "enable_private_nodes": false,
                    "pod_ipv4_cidr_block": "",
                    "pod_range": ""
                  }
                ],
                "node_config": [
                  {
                    "boot_disk_kms_key": "",
                    "disk_size_gb": 100,
                    "disk_type": "pd-balanced",
                    "gcfs_config": [],
                    "guest_accelerator": [],
                    "gvnic": [],
                    "image_type": "COS_CONTAINERD",
                    "labels": {
                      "stage": "dev"
                    },
                    "local_ssd_count": 0,
                    "logging_variant": "DEFAULT",
                    "machine_type": "n1-standard-1",
                    "metadata": {
                      "disable-legacy-endpoints": "true"
                    },
                    "min_cpu_platform": "",
                    "node_group": "",
                    "oauth_scopes": [
                      "https://www.googleapis.com/auth/logging.write",
                      "https://www.googleapis.com/auth/monitoring"
                    ],
                    "preemptible": true,
                    "reservation_affinity": [],
                    "resource_labels": {},
                    "service_account": "default",
                    "shielded_instance_config": [
                      {
                        "enable_integrity_monitoring": true,
                        "enable_secure_boot": false
                      }
                    ],
                    "spot": false,
                    "tags": [
                      "gke-node",
                      "gke-network-test-dev"
                    ],
                    "taint": [],
                    "workload_metadata_config": [
                      {
                        "mode": "GKE_METADATA"
                      }
                    ]
                  }
                ],
                "node_count": 1,
                "node_locations": [
                  "us-central1-a"
                ],
                "upgrade_settings": [
                  {
                    "blue_green_settings": [],
                    "max_surge": 1,
                    "max_unavailable": 0,
                    "strategy": "SURGE"
                  }
                ],
                "version": "1.24.7-gke.900"
              }
            ],
            "node_pool_defaults": [
              {
                "node_config_defaults": [
                  {
                    "logging_variant": "DEFAULT"
                  }
                ]
              }
            ],
            "node_version": "1.24.7-gke.900",
            "notification_config": [
              {
                "pubsub": [
                  {
                    "enabled": false,
                    "filter": [],
                    "topic": ""
                  }
                ]
              }
            ],
            "operation": null,
            "private_cluster_config": [
              {
                "enable_private_endpoint": false,
                "enable_private_nodes": false,
                "master_global_access_config": [
                  {
                    "enabled": false
                  }
                ],
                "master_ipv4_cidr_block": "",
                "peering_name": "",
                "private_endpoint": "172.19.0.2",
                "private_endpoint_subnetwork": "",
                "public_endpoint": "35.193.20.134"
              }
            ],
            "private_ipv6_google_access": "",
            "project": "moloco-sre",
            "release_channel": [
              {
                "channel": "REGULAR"
              }
            ],
            "remove_default_node_pool": true,
            "resource_labels": {},
            "resource_usage_export_config": [],
            "self_link": "https://container.googleapis.com/v1/projects/moloco-sre/zones/us-central1-a/clusters/gke-network-test-dev",
            "service_external_ips_config": [
              {
                "enabled": false
              }
            ],
            "services_ipv4_cidr": "10.251.240.0/20",
            "subnetwork": "projects/moloco-sre/regions/us-central1/subnetworks/terraform-subnetwork",
            "timeouts": null,
            "tpu_ipv4_cidr_block": "",
            "vertical_pod_autoscaling": [],
            "workload_identity_config": [
              {
                "workload_pool": "moloco-sre.svc.id.goog"
              }
            ]
          },
          "sensitive_attributes": [],
          "private": "eyJlMmJmYjczMC1lY2FhLTExZTYtOGY4OC0zNDM2M2JjN2M0YzAiOnsiY3JlYXRlIjoyNDAwMDAwMDAwMDAwLCJkZWxldGUiOjI0MDAwMDAwMDAwMDAsInJlYWQiOjI0MDAwMDAwMDAwMDAsInVwZGF0ZSI6MzYwMDAwMDAwMDAwMH0sInNjaGVtYV92ZXJzaW9uIjoiMSJ9"
        }
      ]
    },
    {
      "mode": "managed",
      "type": "google_container_node_pool",
      "name": "nodes",
      "provider": "provider[\"registry.terraform.io/hashicorp/google\"]",
      "instances": [
        {
          "schema_version": 1,
          "attributes": {
            "autoscaling": [],
            "cluster": "gke-network-test-dev",
            "id": "projects/moloco-sre/locations/us-central1-a/clusters/gke-network-test-dev/nodePools/gke-network-test-dev",
            "initial_node_count": 1,
            "instance_group_urls": [
              "https://www.googleapis.com/compute/v1/projects/moloco-sre/zones/us-central1-a/instanceGroupManagers/gke-gke-network-test-gke-network-test-4537e0d0-grp"
            ],
            "location": "us-central1-a",
            "managed_instance_group_urls": [
              "https://www.googleapis.com/compute/v1/projects/moloco-sre/zones/us-central1-a/instanceGroups/gke-gke-network-test-gke-network-test-4537e0d0-grp"
            ],
            "management": [
              {
                "auto_repair": true,
                "auto_upgrade": true
              }
            ],
            "max_pods_per_node": null,
            "name": "gke-network-test-dev",
            "name_prefix": "",
            "network_config": [
              {
                "create_pod_range": false,
                "enable_private_nodes": false,
                "pod_ipv4_cidr_block": "",
                "pod_range": ""
              }
            ],
            "node_config": [
              {
                "boot_disk_kms_key": "",
                "disk_size_gb": 100,
                "disk_type": "pd-balanced",
                "gcfs_config": [],
                "guest_accelerator": [],
                "gvnic": [],
                "image_type": "COS_CONTAINERD",
                "labels": {
                  "stage": "dev"
                },
                "local_ssd_count": 0,
                "logging_variant": "DEFAULT",
                "machine_type": "n1-standard-1",
                "metadata": {
                  "disable-legacy-endpoints": "true"
                },
                "min_cpu_platform": "",
                "node_group": "",
                "oauth_scopes": [
                  "https://www.googleapis.com/auth/logging.write",
                  "https://www.googleapis.com/auth/monitoring"
                ],
                "preemptible": true,
                "reservation_affinity": [],
                "resource_labels": {},
                "service_account": "default",
                "shielded_instance_config": [
                  {
                    "enable_integrity_monitoring": true,
                    "enable_secure_boot": false
                  }
                ],
                "spot": false,
                "tags": [
                  "gke-node",
                  "gke-network-test-dev"
                ],
                "taint": [],
                "workload_metadata_config": [
                  {
                    "mode": "GKE_METADATA"
                  }
                ]
              }
            ],
            "node_count": 1,
            "node_locations": [
              "us-central1-a"
            ],
            "operation": null,
            "project": "moloco-sre",
            "timeouts": null,
            "upgrade_settings": [
              {
                "blue_green_settings": [],
                "max_surge": 1,
                "max_unavailable": 0,
                "strategy": "SURGE"
              }
            ],
            "version": "1.24.7-gke.900"
          },
          "sensitive_attributes": [],
          "private": "eyJlMmJmYjczMC1lY2FhLTExZTYtOGY4OC0zNDM2M2JjN2M0YzAiOnsiY3JlYXRlIjoxODAwMDAwMDAwMDAwLCJkZWxldGUiOjE4MDAwMDAwMDAwMDAsInVwZGF0ZSI6MTgwMDAwMDAwMDAwMH0sInNjaGVtYV92ZXJzaW9uIjoiMSJ9",
          "dependencies": [
            "google_container_cluster.this"
          ]
        }
      ]
    }
  ]
}
