{
  "version": 4,
  "terraform_version": "1.1.2",
  "serial": 27,
  "lineage": "f34429a3-e074-7faf-1a84-4a5ee2c67dd2",
  "outputs": {
    "project_id": {
      "value": "moloco-sre",
      "type": "string"
    },
    "stage": {
      "value": "dev",
      "type": "string"
    }
  },
  "resources": [
    {
      "mode": "data",
      "type": "google_compute_global_address",
      "name": "this",
      "provider": "provider[\"registry.terraform.io/hashicorp/google\"]",
      "instances": [
        {
          "schema_version": 0,
          "attributes": {
            "address": null,
            "id": null,
            "name": null,
            "project": null,
            "self_link": null,
            "status": null
          },
          "sensitive_attributes": []
        }
      ]
    },
    {
      "mode": "data",
      "type": "google_compute_network",
      "name": "this",
      "provider": "provider[\"registry.terraform.io/hashicorp/google\"]",
      "instances": [
        {
          "schema_version": 0,
          "attributes": {
            "description": "",
            "gateway_ipv4": "",
            "id": "projects/moloco-sre/global/networks/gke-networktest-dev",
            "name": "gke-networktest-dev",
            "project": null,
            "self_link": "https://www.googleapis.com/compute/v1/projects/moloco-sre/global/networks/gke-networktest-dev",
            "subnetworks_self_links": [
              "https://www.googleapis.com/compute/v1/projects/moloco-sre/regions/us-central1/subnetworks/subnet2",
              "https://www.googleapis.com/compute/v1/projects/moloco-sre/regions/us-central1/subnetworks/subnet1"
            ]
          },
          "sensitive_attributes": []
        }
      ]
    },
    {
      "mode": "data",
      "type": "terraform_remote_state",
      "name": "this",
      "provider": "provider[\"terraform.io/builtin/terraform\"]",
      "instances": [
        {
          "schema_version": 0,
          "attributes": {
            "backend": "gcs",
            "config": {
              "value": {
                "bucket": "z-junhyeok-terraform-state",
                "prefix": "memorystore/redis-dev"
              },
              "type": [
                "object",
                {
                  "bucket": "string",
                  "prefix": "string"
                }
              ]
            },
            "defaults": null,
            "outputs": {
              "value": {},
              "type": [
                "object",
                {}
              ]
            },
            "workspace": "dev"
          },
          "sensitive_attributes": []
        }
      ]
    },
    {
      "mode": "managed",
      "type": "google_project_service",
      "name": "servicenetworking",
      "provider": "provider[\"registry.terraform.io/hashicorp/google\"]",
      "instances": [
        {
          "schema_version": 0,
          "attributes": {
            "disable_dependent_services": null,
            "disable_on_destroy": true,
            "id": "moloco-sre/servicenetworking.googleapis.com",
            "project": "moloco-sre",
            "service": "servicenetworking.googleapis.com",
            "timeouts": null
          },
          "sensitive_attributes": [],
          "private": "eyJlMmJmYjczMC1lY2FhLTExZTYtOGY4OC0zNDM2M2JjN2M0YzAiOnsiY3JlYXRlIjoxMjAwMDAwMDAwMDAwLCJkZWxldGUiOjEyMDAwMDAwMDAwMDAsInJlYWQiOjYwMDAwMDAwMDAwMCwidXBkYXRlIjoxMjAwMDAwMDAwMDAwfX0="
        }
      ]
    }
  ]
}
