{
  "version": 4,
  "terraform_version": "1.1.2",
  "serial": 5,
  "lineage": "c2e5f6ce-8a5c-e58a-741b-63b504981b07",
  "outputs": {
    "kubernetes_cluster_host": {
      "value": "34.66.36.145",
      "type": "string"
    },
    "kubernetes_cluster_name": {
      "value": "gke-networktest-stg",
      "type": "string"
    },
    "project_id": {
      "value": "moloco-sre",
      "type": "string"
    },
    "stage": {
      "value": "stg",
      "type": "string"
    }
  },
  "resources": [
    {
      "mode": "data",
      "type": "terraform_remote_state",
      "name": "this",
      "provider": "provider[\"terraform.io/builtin/terraform\"]",
      "instances": [
        {
          "schema_version": 0,
          "attributes": {
            "backend": "gcs",
            "config": {
              "value": {
                "bucket": "z-junhyeok-terraform-state",
                "prefix": "gke/gke-networktest-stg"
              },
              "type": [
                "object",
                {
                  "bucket": "string",
                  "prefix": "string"
                }
              ]
            },
            "defaults": null,
            "outputs": {
              "value": {},
              "type": [
                "object",
                {}
              ]
            },
            "workspace": "stg"
          },
          "sensitive_attributes": []
        }
      ]
    },
    {
      "mode": "managed",
      "type": "google_container_cluster",
      "name": "this",
      "provider": "provider[\"registry.terraform.io/hashicorp/google\"]",
      "instances": [
        {
          "schema_version": 1,
          "attributes": {
            "addons_config": [
              {
                "cloudrun_config": [],
                "dns_cache_config": [],
                "gce_persistent_disk_csi_driver_config": [
                  {
                    "enabled": true
                  }
                ],
                "gcp_filestore_csi_driver_config": [],
                "gke_backup_agent_config": [],
                "horizontal_pod_autoscaling": [],
                "http_load_balancing": [],
                "network_policy_config": [
                  {
                    "disabled": true
                  }
                ]
              }
            ],
            "authenticator_groups_config": [],
            "binary_authorization": [
              {
                "enabled": false,
                "evaluation_mode": ""
              }
            ],
            "cluster_autoscaling": [
              {
                "auto_provisioning_defaults": [
                  {
                    "boot_disk_kms_key": "",
                    "disk_size": 0,
                    "disk_type": "",
                    "image_type": "COS_CONTAINERD",
                    "management": [],
                    "min_cpu_platform": "",
                    "oauth_scopes": [
                      "https://www.googleapis.com/auth/devstorage.read_only",
                      "https://www.googleapis.com/auth/logging.write",
                      "https://www.googleapis.com/auth/monitoring",
                      "https://www.googleapis.com/auth/service.management.readonly",
                      "https://www.googleapis.com/auth/servicecontrol",
                      "https://www.googleapis.com/auth/trace.append"
                    ],
                    "service_account": "default",
                    "shielded_instance_config": [],
                    "upgrade_settings": []
                  }
                ],
                "enabled": true,
                "resource_limits": [
                  {
                    "maximum": 4,
                    "minimum": 0,
                    "resource_type": "cpu"
                  },
                  {
                    "maximum": 16,
                    "minimum": 0,
                    "resource_type": "memory"
                  }
                ]
              }
            ],
            "cluster_ipv4_cidr": "10.184.0.0/14",
            "confidential_nodes": [],
            "cost_management_config": [],
            "database_encryption": [
              {
                "key_name": "",
                "state": "DECRYPTED"
              }
            ],
            "datapath_provider": "",
            "default_max_pods_per_node": null,
            "default_snat_status": [
              {
                "disabled": false
              }
            ],
            "description": "",
            "dns_config": [],
            "enable_autopilot": false,
            "enable_binary_authorization": false,
            "enable_intranode_visibility": false,
            "enable_kubernetes_alpha": false,
            "enable_l4_ilb_subsetting": false,
            "enable_legacy_abac": false,
            "enable_shielded_nodes": true,
            "enable_tpu": false,
            "endpoint": "34.66.36.145",
            "gateway_api_config": [],
            "id": "projects/moloco-sre/locations/us-central1-a/clusters/gke-networktest-stg",
            "initial_node_count": 1,
            "ip_allocation_policy": [],
            "label_fingerprint": "a9dc16a7",
            "location": "us-central1-a",
            "logging_config": [
              {
                "enable_components": [
                  "SYSTEM_COMPONENTS",
                  "WORKLOADS"
                ]
              }
            ],
            "logging_service": "logging.googleapis.com/kubernetes",
            "maintenance_policy": [],
            "master_auth": [
              {
                "client_certificate": "",
                "client_certificate_config": [
                  {
                    "issue_client_certificate": false
                  }
                ],
                "client_key": "",
                "cluster_ca_certificate": "LS0tLS1CRUdJTiBDRVJUSUZJQ0FURS0tLS0tCk1JSUVMVENDQXBXZ0F3SUJBZ0lSQUl6MUZCV0RhTWdUWXFTS1ZRRE12QkV3RFFZSktvWklodmNOQVFFTEJRQXcKTHpFdE1Dc0dBMVVFQXhNa1lqRmtZVFk1TlRjdE1HTTROeTAwWWpBMkxUbGtOMlF0T0RSak1qWTFOelE0T0dZMwpNQ0FYRFRJek1ERXdOakEyTVRJeU9Wb1lEekl3TlRJeE1qSTVNRGN4TWpJNVdqQXZNUzB3S3dZRFZRUURFeVJpCk1XUmhOamsxTnkwd1l6ZzNMVFJpTURZdE9XUTNaQzA0TkdNeU5qVTNORGc0Wmpjd2dnR2lNQTBHQ1NxR1NJYjMKRFFFQkFRVUFBNElCandBd2dnR0tBb0lCZ1FDNGhTVVZ5NUhuLzRsMDNiWm9JRkFxbENqSG0xa3kwWmJtVTZJZgp5ZWFyZHc1SVYvbHV6YTh3TWdlTFJHOGZDYy9Yc1ptZS90WG13TzdjL2VnTDdyazRnTXg4Z3Y4THRaWFdXQjh4CnBURzNacHZVbGs0ZWhIdEJGeTRhdUdMa0FzNURITDRJeURnM2t5M215ZDc3RWxYTXRJWGJBZ3E5c0FBK1ZwVEoKdWQ5dmtmOXl0RE9iZVBmUS92Z3RSam1yNEhwNHpKd1RjMlNyY1UzYUhLZEdUY2tUcHJPdHNxK2EyckZPaWFsago5Z2FTYmlXWVJwVDc5SWxsd1BKSTRtcjFkT3RVVkhhNC9tSURrWHgzTnRTQWQ4dm9qTy85cFVFMStVOHBpOVpiCnIzOEJxR2trdXkvNVZzb1VJRzNQa0g1NFEvdENpZ0FqZXcrRUkrSXlXeFM1YzFDcTFONGoyTFhyVGZaL3UxVnUKZ2tCRWdpVlZ0N2tETUFLTG1CZk50dWY0OXdzOXNmYlQwY3dnMGdWanVMSC9KN2QwNkxlZDlxQjd4Mk1aRElRdQppL0k1SWNkOExxMkNnbU5ERG9FOW1BRTVpWkc1ajlGdElVUDdzYkhIK01SenplMDRmNXBoc2NGWURaYklBZWdxCjZ2VXVrY3IwQTJDNkFPK3FpdjVtTUxUYUdia0NBd0VBQWFOQ01FQXdEZ1lEVlIwUEFRSC9CQVFEQWdJRU1BOEcKQTFVZEV3RUIvd1FGTUFNQkFmOHdIUVlEVlIwT0JCWUVGSlAzRW5obDZBTUMwUmlFckRSalYzejA0eDRnTUEwRwpDU3FHU0liM0RRRUJDd1VBQTRJQmdRQmxlaCs5dzVjTDRHK3NqbDhlOVV0Y3dVTlJibkxzNlFvSXN5Z2FSUjZ0CnB5Yyt3N2VvazRkN1V4cjc3SE1pSW95UnhHeExjcGJSL0pMTU5KQW5UVVRPTlFlZnZ1cUlmc3lDS3cyU1N1enEKZVBSK2lYRjVmNEZ0NUlMTW9EdXBwcTc4S1o5OHpzYUdJTTdOa3FPMTEwUWNuWDlTalZUV25zdE9NVGxsUDBJbApYRW53MzIzelN0NjBqMkplaWdGRThycUMwZVFVdjdjWFJlV244ZktqV3RRbmlYa0xSQ1BidjBvcHVKdmNST3NUCmQ2WnVvNVd5aTlqQ1J0Ty92WnBhdEtTZzlvMXJKcERUd253ZDY4dFBtYjhxNWFENC91cWdDdTE2WDBhdnRvc20KempGVjZpQnF5eU1Cek9GZ1FhSjZHcUNwNWp1dGphSVh6TnFzWlJIM2oyMS9WUU15dzczY2liWjVBQW9OWFlUUAp2Snl5eVZveGVuNkU4YjBlRVNydm5BbGNzTzJ4MlRjY2swVXdvSVRYQytadm9JVkFzY0N3OU5wa1l1VGRKM3gxCklLVlFFTFVvRVoxOFRid3BOSzU1Rm1kb0hVQmtaQ2JwdTEwZndIdEJ0b2k3ZzhBVjhTVlVDc0RiV0FLU09aZlkKT25XSTllZk11NWZjdjV5TlEyOHRkNlE9Ci0tLS0tRU5EIENFUlRJRklDQVRFLS0tLS0K"
              }
            ],
            "master_authorized_networks_config": [],
            "master_version": "1.24.7-gke.900",
            "mesh_certificates": [],
            "min_master_version": null,
            "monitoring_config": [
              {
                "enable_components": [
                  "SYSTEM_COMPONENTS"
                ],
                "managed_prometheus": []
              }
            ],
            "monitoring_service": "monitoring.googleapis.com/kubernetes",
            "name": "gke-networktest-stg",
            "network": "projects/moloco-sre/global/networks/gke-networktest-stg",
            "network_policy": [
              {
                "enabled": false,
                "provider": "PROVIDER_UNSPECIFIED"
              }
            ],
            "networking_mode": "ROUTES",
            "node_config": [],
            "node_locations": [],
            "node_pool": [],
            "node_pool_defaults": [
              {
                "node_config_defaults": [
                  {
                    "logging_variant": "DEFAULT"
                  }
                ]
              }
            ],
            "node_version": "1.24.7-gke.900",
            "notification_config": [
              {
                "pubsub": [
                  {
                    "enabled": false,
                    "filter": [],
                    "topic": ""
                  }
                ]
              }
            ],
            "operation": null,
            "private_cluster_config": [
              {
                "enable_private_endpoint": false,
                "enable_private_nodes": false,
                "master_global_access_config": [
                  {
                    "enabled": false
                  }
                ],
                "master_ipv4_cidr_block": "",
                "peering_name": "",
                "private_endpoint": "172.20.0.2",
                "private_endpoint_subnetwork": "",
                "public_endpoint": "34.66.36.145"
              }
            ],
            "private_ipv6_google_access": "",
            "project": "moloco-sre",
            "release_channel": [
              {
                "channel": "REGULAR"
              }
            ],
            "remove_default_node_pool": true,
            "resource_labels": null,
            "resource_usage_export_config": [],
            "self_link": "https://container.googleapis.com/v1/projects/moloco-sre/zones/us-central1-a/clusters/gke-networktest-stg",
            "service_external_ips_config": [
              {
                "enabled": false
              }
            ],
            "services_ipv4_cidr": "10.187.240.0/20",
            "subnetwork": "projects/moloco-sre/regions/us-central1/subnetworks/gke-networktest-stg-subnet1",
            "timeouts": null,
            "tpu_ipv4_cidr_block": "",
            "vertical_pod_autoscaling": [],
            "workload_identity_config": [
              {
                "workload_pool": "moloco-sre.svc.id.goog"
              }
            ]
          },
          "sensitive_attributes": [],
          "private": "eyJlMmJmYjczMC1lY2FhLTExZTYtOGY4OC0zNDM2M2JjN2M0YzAiOnsiY3JlYXRlIjoyNDAwMDAwMDAwMDAwLCJkZWxldGUiOjI0MDAwMDAwMDAwMDAsInJlYWQiOjI0MDAwMDAwMDAwMDAsInVwZGF0ZSI6MzYwMDAwMDAwMDAwMH0sInNjaGVtYV92ZXJzaW9uIjoiMSJ9"
        }
      ]
    },
    {
      "mode": "managed",
      "type": "google_container_node_pool",
      "name": "nodes",
      "provider": "provider[\"registry.terraform.io/hashicorp/google\"]",
      "instances": [
        {
          "schema_version": 1,
          "attributes": {
            "autoscaling": [],
            "cluster": "gke-networktest-stg",
            "id": "projects/moloco-sre/locations/us-central1-a/clusters/gke-networktest-stg/nodePools/gke-networktest-stg",
            "initial_node_count": 1,
            "instance_group_urls": [
              "https://www.googleapis.com/compute/v1/projects/moloco-sre/zones/us-central1-a/instanceGroupManagers/gke-gke-networktest--gke-networktest--1e40231e-grp"
            ],
            "location": "us-central1-a",
            "managed_instance_group_urls": [
              "https://www.googleapis.com/compute/v1/projects/moloco-sre/zones/us-central1-a/instanceGroups/gke-gke-networktest--gke-networktest--1e40231e-grp"
            ],
            "management": [
              {
                "auto_repair": true,
                "auto_upgrade": true
              }
            ],
            "max_pods_per_node": null,
            "name": "gke-networktest-stg",
            "name_prefix": "",
            "network_config": [
              {
                "create_pod_range": false,
                "enable_private_nodes": false,
                "pod_ipv4_cidr_block": "",
                "pod_range": ""
              }
            ],
            "node_config": [
              {
                "boot_disk_kms_key": "",
                "disk_size_gb": 100,
                "disk_type": "pd-balanced",
                "gcfs_config": [],
                "guest_accelerator": [],
                "gvnic": [],
                "image_type": "COS_CONTAINERD",
                "labels": {
                  "stage": "stg"
                },
                "local_ssd_count": 0,
                "logging_variant": "DEFAULT",
                "machine_type": "n1-standard-1",
                "metadata": {
                  "disable-legacy-endpoints": "true"
                },
                "min_cpu_platform": "",
                "node_group": "",
                "oauth_scopes": [
                  "https://www.googleapis.com/auth/logging.write",
                  "https://www.googleapis.com/auth/monitoring"
                ],
                "preemptible": true,
                "reservation_affinity": [],
                "resource_labels": null,
                "service_account": "default",
                "shielded_instance_config": [
                  {
                    "enable_integrity_monitoring": true,
                    "enable_secure_boot": false
                  }
                ],
                "spot": false,
                "tags": [
                  "gke-node",
                  "gke-networktest-stg"
                ],
                "taint": [],
                "workload_metadata_config": [
                  {
                    "mode": "GKE_METADATA"
                  }
                ]
              }
            ],
            "node_count": 1,
            "node_locations": [
              "us-central1-a"
            ],
            "operation": null,
            "project": "moloco-sre",
            "timeouts": null,
            "upgrade_settings": [
              {
                "blue_green_settings": [],
                "max_surge": 1,
                "max_unavailable": 0,
                "strategy": "SURGE"
              }
            ],
            "version": "1.24.7-gke.900"
          },
          "sensitive_attributes": [],
          "private": "eyJlMmJmYjczMC1lY2FhLTExZTYtOGY4OC0zNDM2M2JjN2M0YzAiOnsiY3JlYXRlIjoxODAwMDAwMDAwMDAwLCJkZWxldGUiOjE4MDAwMDAwMDAwMDAsInVwZGF0ZSI6MTgwMDAwMDAwMDAwMH0sInNjaGVtYV92ZXJzaW9uIjoiMSJ9",
          "dependencies": [
            "google_container_cluster.this"
          ]
        }
      ]
    }
  ]
}
